
Microsoft Visual Studio Solution File, Format Version 12.00
# Visual Studio 2012
Project("{2150E333-8FDC-42A3-9474-1A3956D46DE8}") = "component", "component", "{E61FB46A-B8A3-4AF0-A65E-E9FF6508AD8B}"
EndProject
Project("{FAE04EC0-301F-11D3-BF4B-00C04F79EFBC}") = "Pinterest.XamarinComponent", "component\Pinterest.XamarinComponent\Pinterest.XamarinComponent.csproj", "{D72D8504-40C4-4DEA-90DE-B7AF1A688525}"
EndProject
Project("{2150E333-8FDC-42A3-9474-1A3956D46DE8}") = "samples", "samples", "{F2F3D5A3-5C1A-4284-B97A-37DDF34B5978}"
EndProject
Project("{FAE04EC0-301F-11D3-BF4B-00C04F79EFBC}") = "Pinterest.App.XamarinAndroid", "samples\Pinterest.App.XamarinAndroid\Pinterest.App.XamarinAndroid.csproj", "{A1A7DA2C-8970-4A8A-8D50-B0BBB5F5B04C}"
EndProject
Project("{FAE04EC0-301F-11D3-BF4B-00C04F79EFBC}") = "Pinterest.App.XamarinIOS", "samples\Pinterest.App.XamarinIOS\Pinterest.App.XamarinIOS.csproj", "{B3F00DEE-0C8A-4FEE-A9CC-6088FC5C5E7E}"
EndProject
Project("{2150E333-8FDC-42A3-9474-1A3956D46DE8}") = "src", "src", "{854A251E-69B5-46DF-B713-BB0524E9D90F}"
EndProject
Project("{FAE04EC0-301F-11D3-BF4B-00C04F79EFBC}") = "Pinterest.SDK.BindingLibrary.XamarinAndroid", "src\Pinterest.SDK.BindingLibrary.XamarinAndroid\Pinterest.SDK.BindingLibrary.XamarinAndroid.csproj", "{4A9243DC-E747-4118-87A4-921215216175}"
EndProject
Project("{FAE04EC0-301F-11D3-BF4B-00C04F79EFBC}") = "Pinterest.SDK.BindingLibrary.XamarinIOS", "src\Pinterest.SDK.BindingLibrary.XamarinIOS\Pinterest.SDK.BindingLibrary.XamarinIOS.csproj", "{A5C6BA35-1E41-429F-A32A-E0753D39AF9C}"
EndProject
Project("{2150E333-8FDC-42A3-9474-1A3956D46DE8}") = "xamarin.components.team", "xamarin.components.team", "{2032EA3B-F637-4625-AC56-30D3734FD314}"
EndProject
Project("{FAE04EC0-301F-11D3-BF4B-00C04F79EFBC}") = "XamarinComponentTeam.ComponentStructure", "XamarinComponentTeam.ComponentStructure\XamarinComponentTeam.ComponentStructure.csproj", "{BBAF7A0D-142D-4E59-8DA5-F86907A9E7E7}"
EndProject
Global
	GlobalSection(SolutionConfigurationPlatforms) = preSolution
		Ad-Hoc|Any CPU = Ad-Hoc|Any CPU
		Ad-Hoc|iPhone = Ad-Hoc|iPhone
		Ad-Hoc|iPhoneSimulator = Ad-Hoc|iPhoneSimulator
		Ad-Hoc|Mixed Platforms = Ad-Hoc|Mixed Platforms
		AppStore|Any CPU = AppStore|Any CPU
		AppStore|iPhone = AppStore|iPhone
		AppStore|iPhoneSimulator = AppStore|iPhoneSimulator
		AppStore|Mixed Platforms = AppStore|Mixed Platforms
		Debug|Any CPU = Debug|Any CPU
		Debug|iPhone = Debug|iPhone
		Debug|iPhoneSimulator = Debug|iPhoneSimulator
		Debug|Mixed Platforms = Debug|Mixed Platforms
		Release|Any CPU = Release|Any CPU
		Release|iPhone = Release|iPhone
		Release|iPhoneSimulator = Release|iPhoneSimulator
		Release|Mixed Platforms = Release|Mixed Platforms
	EndGlobalSection
	GlobalSection(ProjectConfigurationPlatforms) = postSolution
		{D72D8504-40C4-4DEA-90DE-B7AF1A688525}.Ad-Hoc|Any CPU.ActiveCfg = Release|Any CPU
		{D72D8504-40C4-4DEA-90DE-B7AF1A688525}.Ad-Hoc|Any CPU.Build.0 = Release|Any CPU
		{D72D8504-40C4-4DEA-90DE-B7AF1A688525}.Ad-Hoc|iPhone.ActiveCfg = Release|Any CPU
		{D72D8504-40C4-4DEA-90DE-B7AF1A688525}.Ad-Hoc|iPhoneSimulator.ActiveCfg = Release|Any CPU
		{D72D8504-40C4-4DEA-90DE-B7AF1A688525}.Ad-Hoc|Mixed Platforms.ActiveCfg = Release|Any CPU
		{D72D8504-40C4-4DEA-90DE-B7AF1A688525}.Ad-Hoc|Mixed Platforms.Build.0 = Release|Any CPU
		{D72D8504-40C4-4DEA-90DE-B7AF1A688525}.AppStore|Any CPU.ActiveCfg = Release|Any CPU
		{D72D8504-40C4-4DEA-90DE-B7AF1A688525}.AppStore|Any CPU.Build.0 = Release|Any CPU
		{D72D8504-40C4-4DEA-90DE-B7AF1A688525}.AppStore|iPhone.ActiveCfg = Release|Any CPU
		{D72D8504-40C4-4DEA-90DE-B7AF1A688525}.AppStore|iPhoneSimulator.ActiveCfg = Release|Any CPU
		{D72D8504-40C4-4DEA-90DE-B7AF1A688525}.AppStore|Mixed Platforms.ActiveCfg = Release|Any CPU
		{D72D8504-40C4-4DEA-90DE-B7AF1A688525}.AppStore|Mixed Platforms.Build.0 = Release|Any CPU
		{D72D8504-40C4-4DEA-90DE-B7AF1A688525}.Debug|Any CPU.ActiveCfg = Debug|Any CPU
		{D72D8504-40C4-4DEA-90DE-B7AF1A688525}.Debug|Any CPU.Build.0 = Debug|Any CPU
		{D72D8504-40C4-4DEA-90DE-B7AF1A688525}.Debug|iPhone.ActiveCfg = Debug|Any CPU
		{D72D8504-40C4-4DEA-90DE-B7AF1A688525}.Debug|iPhoneSimulator.ActiveCfg = Debug|Any CPU
		{D72D8504-40C4-4DEA-90DE-B7AF1A688525}.Debug|Mixed Platforms.ActiveCfg = Debug|Any CPU
		{D72D8504-40C4-4DEA-90DE-B7AF1A688525}.Debug|Mixed Platforms.Build.0 = Debug|Any CPU
		{D72D8504-40C4-4DEA-90DE-B7AF1A688525}.Release|Any CPU.ActiveCfg = Release|Any CPU
		{D72D8504-40C4-4DEA-90DE-B7AF1A688525}.Release|Any CPU.Build.0 = Release|Any CPU
		{D72D8504-40C4-4DEA-90DE-B7AF1A688525}.Release|iPhone.ActiveCfg = Release|Any CPU
		{D72D8504-40C4-4DEA-90DE-B7AF1A688525}.Release|iPhoneSimulator.ActiveCfg = Release|Any CPU
		{D72D8504-40C4-4DEA-90DE-B7AF1A688525}.Release|Mixed Platforms.ActiveCfg = Release|Any CPU
		{D72D8504-40C4-4DEA-90DE-B7AF1A688525}.Release|Mixed Platforms.Build.0 = Release|Any CPU
		{A1A7DA2C-8970-4A8A-8D50-B0BBB5F5B04C}.Ad-Hoc|Any CPU.ActiveCfg = Release|Any CPU
		{A1A7DA2C-8970-4A8A-8D50-B0BBB5F5B04C}.Ad-Hoc|Any CPU.Build.0 = Release|Any CPU
		{A1A7DA2C-8970-4A8A-8D50-B0BBB5F5B04C}.Ad-Hoc|Any CPU.Deploy.0 = Release|Any CPU
		{A1A7DA2C-8970-4A8A-8D50-B0BBB5F5B04C}.Ad-Hoc|iPhone.ActiveCfg = Release|Any CPU
		{A1A7DA2C-8970-4A8A-8D50-B0BBB5F5B04C}.Ad-Hoc|iPhoneSimulator.ActiveCfg = Release|Any CPU
		{A1A7DA2C-8970-4A8A-8D50-B0BBB5F5B04C}.Ad-Hoc|Mixed Platforms.ActiveCfg = Release|Any CPU
		{A1A7DA2C-8970-4A8A-8D50-B0BBB5F5B04C}.Ad-Hoc|Mixed Platforms.Build.0 = Release|Any CPU
		{A1A7DA2C-8970-4A8A-8D50-B0BBB5F5B04C}.Ad-Hoc|Mixed Platforms.Deploy.0 = Release|Any CPU
		{A1A7DA2C-8970-4A8A-8D50-B0BBB5F5B04C}.AppStore|Any CPU.ActiveCfg = Release|Any CPU
		{A1A7DA2C-8970-4A8A-8D50-B0BBB5F5B04C}.AppStore|Any CPU.Build.0 = Release|Any CPU
		{A1A7DA2C-8970-4A8A-8D50-B0BBB5F5B04C}.AppStore|Any CPU.Deploy.0 = Release|Any CPU
		{A1A7DA2C-8970-4A8A-8D50-B0BBB5F5B04C}.AppStore|iPhone.ActiveCfg = Release|Any CPU
		{A1A7DA2C-8970-4A8A-8D50-B0BBB5F5B04C}.AppStore|iPhoneSimulator.ActiveCfg = Release|Any CPU
		{A1A7DA2C-8970-4A8A-8D50-B0BBB5F5B04C}.AppStore|Mixed Platforms.ActiveCfg = Release|Any CPU
		{A1A7DA2C-8970-4A8A-8D50-B0BBB5F5B04C}.AppStore|Mixed Platforms.Build.0 = Release|Any CPU
		{A1A7DA2C-8970-4A8A-8D50-B0BBB5F5B04C}.AppStore|Mixed Platforms.Deploy.0 = Release|Any CPU
		{A1A7DA2C-8970-4A8A-8D50-B0BBB5F5B04C}.Debug|Any CPU.ActiveCfg = Debug|Any CPU
		{A1A7DA2C-8970-4A8A-8D50-B0BBB5F5B04C}.Debug|Any CPU.Build.0 = Debug|Any CPU
		{A1A7DA2C-8970-4A8A-8D50-B0BBB5F5B04C}.Debug|Any CPU.Deploy.0 = Debug|Any CPU
		{A1A7DA2C-8970-4A8A-8D50-B0BBB5F5B04C}.Debug|iPhone.ActiveCfg = Debug|Any CPU
		{A1A7DA2C-8970-4A8A-8D50-B0BBB5F5B04C}.Debug|iPhoneSimulator.ActiveCfg = Debug|Any CPU
		{A1A7DA2C-8970-4A8A-8D50-B0BBB5F5B04C}.Debug|Mixed Platforms.ActiveCfg = Debug|Any CPU
		{A1A7DA2C-8970-4A8A-8D50-B0BBB5F5B04C}.Debug|Mixed Platforms.Build.0 = Debug|Any CPU
		{A1A7DA2C-8970-4A8A-8D50-B0BBB5F5B04C}.Debug|Mixed Platforms.Deploy.0 = Debug|Any CPU
		{A1A7DA2C-8970-4A8A-8D50-B0BBB5F5B04C}.Release|Any CPU.ActiveCfg = Release|Any CPU
		{A1A7DA2C-8970-4A8A-8D50-B0BBB5F5B04C}.Release|Any CPU.Build.0 = Release|Any CPU
		{A1A7DA2C-8970-4A8A-8D50-B0BBB5F5B04C}.Release|Any CPU.Deploy.0 = Release|Any CPU
		{A1A7DA2C-8970-4A8A-8D50-B0BBB5F5B04C}.Release|iPhone.ActiveCfg = Release|Any CPU
		{A1A7DA2C-8970-4A8A-8D50-B0BBB5F5B04C}.Release|iPhoneSimulator.ActiveCfg = Release|Any CPU
		{A1A7DA2C-8970-4A8A-8D50-B0BBB5F5B04C}.Release|Mixed Platforms.ActiveCfg = Release|Any CPU
		{A1A7DA2C-8970-4A8A-8D50-B0BBB5F5B04C}.Release|Mixed Platforms.Build.0 = Release|Any CPU
		{A1A7DA2C-8970-4A8A-8D50-B0BBB5F5B04C}.Release|Mixed Platforms.Deploy.0 = Release|Any CPU
		{B3F00DEE-0C8A-4FEE-A9CC-6088FC5C5E7E}.Ad-Hoc|Any CPU.ActiveCfg = Ad-Hoc|iPhone
		{B3F00DEE-0C8A-4FEE-A9CC-6088FC5C5E7E}.Ad-Hoc|iPhone.ActiveCfg = Ad-Hoc|iPhone
		{B3F00DEE-0C8A-4FEE-A9CC-6088FC5C5E7E}.Ad-Hoc|iPhone.Build.0 = Ad-Hoc|iPhone
		{B3F00DEE-0C8A-4FEE-A9CC-6088FC5C5E7E}.Ad-Hoc|iPhoneSimulator.ActiveCfg = Ad-Hoc|iPhoneSimulator
		{B3F00DEE-0C8A-4FEE-A9CC-6088FC5C5E7E}.Ad-Hoc|iPhoneSimulator.Build.0 = Ad-Hoc|iPhoneSimulator
		{B3F00DEE-0C8A-4FEE-A9CC-6088FC5C5E7E}.Ad-Hoc|Mixed Platforms.ActiveCfg = Ad-Hoc|iPhone
		{B3F00DEE-0C8A-4FEE-A9CC-6088FC5C5E7E}.Ad-Hoc|Mixed Platforms.Build.0 = Ad-Hoc|iPhone
		{B3F00DEE-0C8A-4FEE-A9CC-6088FC5C5E7E}.AppStore|Any CPU.ActiveCfg = AppStore|iPhone
		{B3F00DEE-0C8A-4FEE-A9CC-6088FC5C5E7E}.AppStore|iPhone.ActiveCfg = AppStore|iPhone
		{B3F00DEE-0C8A-4FEE-A9CC-6088FC5C5E7E}.AppStore|iPhone.Build.0 = AppStore|iPhone
		{B3F00DEE-0C8A-4FEE-A9CC-6088FC5C5E7E}.AppStore|iPhoneSimulator.ActiveCfg = AppStore|iPhoneSimulator
		{B3F00DEE-0C8A-4FEE-A9CC-6088FC5C5E7E}.AppStore|iPhoneSimulator.Build.0 = AppStore|iPhoneSimulator
		{B3F00DEE-0C8A-4FEE-A9CC-6088FC5C5E7E}.AppStore|Mixed Platforms.ActiveCfg = AppStore|iPhone
		{B3F00DEE-0C8A-4FEE-A9CC-6088FC5C5E7E}.AppStore|Mixed Platforms.Build.0 = AppStore|iPhone
		{B3F00DEE-0C8A-4FEE-A9CC-6088FC5C5E7E}.Debug|Any CPU.ActiveCfg = Debug|iPhone
		{B3F00DEE-0C8A-4FEE-A9CC-6088FC5C5E7E}.Debug|iPhone.ActiveCfg = Debug|iPhone
		{B3F00DEE-0C8A-4FEE-A9CC-6088FC5C5E7E}.Debug|iPhone.Build.0 = Debug|iPhone
		{B3F00DEE-0C8A-4FEE-A9CC-6088FC5C5E7E}.Debug|iPhoneSimulator.ActiveCfg = Debug|iPhoneSimulator
		{B3F00DEE-0C8A-4FEE-A9CC-6088FC5C5E7E}.Debug|iPhoneSimulator.Build.0 = Debug|iPhoneSimulator
		{B3F00DEE-0C8A-4FEE-A9CC-6088FC5C5E7E}.Debug|Mixed Platforms.ActiveCfg = Debug|iPhone
		{B3F00DEE-0C8A-4FEE-A9CC-6088FC5C5E7E}.Debug|Mixed Platforms.Build.0 = Debug|iPhone
		{B3F00DEE-0C8A-4FEE-A9CC-6088FC5C5E7E}.Release|Any CPU.ActiveCfg = Release|iPhone
		{B3F00DEE-0C8A-4FEE-A9CC-6088FC5C5E7E}.Release|iPhone.ActiveCfg = Release|iPhone
		{B3F00DEE-0C8A-4FEE-A9CC-6088FC5C5E7E}.Release|iPhone.Build.0 = Release|iPhone
		{B3F00DEE-0C8A-4FEE-A9CC-6088FC5C5E7E}.Release|iPhoneSimulator.ActiveCfg = Release|iPhoneSimulator
		{B3F00DEE-0C8A-4FEE-A9CC-6088FC5C5E7E}.Release|iPhoneSimulator.Build.0 = Release|iPhoneSimulator
		{B3F00DEE-0C8A-4FEE-A9CC-6088FC5C5E7E}.Release|Mixed Platforms.ActiveCfg = Release|iPhone
		{B3F00DEE-0C8A-4FEE-A9CC-6088FC5C5E7E}.Release|Mixed Platforms.Build.0 = Release|iPhone
		{4A9243DC-E747-4118-87A4-921215216175}.Ad-Hoc|Any CPU.ActiveCfg = Release|Any CPU
		{4A9243DC-E747-4118-87A4-921215216175}.Ad-Hoc|Any CPU.Build.0 = Release|Any CPU
		{4A9243DC-E747-4118-87A4-921215216175}.Ad-Hoc|iPhone.ActiveCfg = Release|Any CPU
		{4A9243DC-E747-4118-87A4-921215216175}.Ad-Hoc|iPhoneSimulator.ActiveCfg = Release|Any CPU
		{4A9243DC-E747-4118-87A4-921215216175}.Ad-Hoc|Mixed Platforms.ActiveCfg = Release|Any CPU
		{4A9243DC-E747-4118-87A4-921215216175}.Ad-Hoc|Mixed Platforms.Build.0 = Release|Any CPU
		{4A9243DC-E747-4118-87A4-921215216175}.AppStore|Any CPU.ActiveCfg = Release|Any CPU
		{4A9243DC-E747-4118-87A4-921215216175}.AppStore|Any CPU.Build.0 = Release|Any CPU
		{4A9243DC-E747-4118-87A4-921215216175}.AppStore|iPhone.ActiveCfg = Release|Any CPU
		{4A9243DC-E747-4118-87A4-921215216175}.AppStore|iPhoneSimulator.ActiveCfg = Release|Any CPU
		{4A9243DC-E747-4118-87A4-921215216175}.AppStore|Mixed Platforms.ActiveCfg = Release|Any CPU
		{4A9243DC-E747-4118-87A4-921215216175}.AppStore|Mixed Platforms.Build.0 = Release|Any CPU
		{4A9243DC-E747-4118-87A4-921215216175}.Debug|Any CPU.ActiveCfg = Debug|Any CPU
		{4A9243DC-E747-4118-87A4-921215216175}.Debug|Any CPU.Build.0 = Debug|Any CPU
		{4A9243DC-E747-4118-87A4-921215216175}.Debug|iPhone.ActiveCfg = Debug|Any CPU
		{4A9243DC-E747-4118-87A4-921215216175}.Debug|iPhoneSimulator.ActiveCfg = Debug|Any CPU
		{4A9243DC-E747-4118-87A4-921215216175}.Debug|Mixed Platforms.ActiveCfg = Debug|Any CPU
		{4A9243DC-E747-4118-87A4-921215216175}.Debug|Mixed Platforms.Build.0 = Debug|Any CPU
		{4A9243DC-E747-4118-87A4-921215216175}.Release|Any CPU.ActiveCfg = Release|Any CPU
		{4A9243DC-E747-4118-87A4-921215216175}.Release|Any CPU.Build.0 = Release|Any CPU
		{4A9243DC-E747-4118-87A4-921215216175}.Release|iPhone.ActiveCfg = Release|Any CPU
		{4A9243DC-E747-4118-87A4-921215216175}.Release|iPhoneSimulator.ActiveCfg = Release|Any CPU
		{4A9243DC-E747-4118-87A4-921215216175}.Release|Mixed Platforms.ActiveCfg = Release|Any CPU
		{4A9243DC-E747-4118-87A4-921215216175}.Release|Mixed Platforms.Build.0 = Release|Any CPU
		{A5C6BA35-1E41-429F-A32A-E0753D39AF9C}.Ad-Hoc|Any CPU.ActiveCfg = Release|Any CPU
		{A5C6BA35-1E41-429F-A32A-E0753D39AF9C}.Ad-Hoc|Any CPU.Build.0 = Release|Any CPU
		{A5C6BA35-1E41-429F-A32A-E0753D39AF9C}.Ad-Hoc|iPhone.ActiveCfg = Release|Any CPU
		{A5C6BA35-1E41-429F-A32A-E0753D39AF9C}.Ad-Hoc|iPhoneSimulator.ActiveCfg = Release|Any CPU
		{A5C6BA35-1E41-429F-A32A-E0753D39AF9C}.Ad-Hoc|Mixed Platforms.ActiveCfg = Release|Any CPU
		{A5C6BA35-1E41-429F-A32A-E0753D39AF9C}.Ad-Hoc|Mixed Platforms.Build.0 = Release|Any CPU
		{A5C6BA35-1E41-429F-A32A-E0753D39AF9C}.AppStore|Any CPU.ActiveCfg = Release|Any CPU
		{A5C6BA35-1E41-429F-A32A-E0753D39AF9C}.AppStore|Any CPU.Build.0 = Release|Any CPU
		{A5C6BA35-1E41-429F-A32A-E0753D39AF9C}.AppStore|iPhone.ActiveCfg = Release|Any CPU
		{A5C6BA35-1E41-429F-A32A-E0753D39AF9C}.AppStore|iPhoneSimulator.ActiveCfg = Release|Any CPU
		{A5C6BA35-1E41-429F-A32A-E0753D39AF9C}.AppStore|Mixed Platforms.ActiveCfg = Release|Any CPU
		{A5C6BA35-1E41-429F-A32A-E0753D39AF9C}.AppStore|Mixed Platforms.Build.0 = Release|Any CPU
		{A5C6BA35-1E41-429F-A32A-E0753D39AF9C}.Debug|Any CPU.ActiveCfg = Debug|Any CPU
		{A5C6BA35-1E41-429F-A32A-E0753D39AF9C}.Debug|Any CPU.Build.0 = Debug|Any CPU
		{A5C6BA35-1E41-429F-A32A-E0753D39AF9C}.Debug|iPhone.ActiveCfg = Debug|Any CPU
		{A5C6BA35-1E41-429F-A32A-E0753D39AF9C}.Debug|iPhoneSimulator.ActiveCfg = Debug|Any CPU
		{A5C6BA35-1E41-429F-A32A-E0753D39AF9C}.Debug|Mixed Platforms.ActiveCfg = Debug|Any CPU
		{A5C6BA35-1E41-429F-A32A-E0753D39AF9C}.Debug|Mixed Platforms.Build.0 = Debug|Any CPU
		{A5C6BA35-1E41-429F-A32A-E0753D39AF9C}.Release|Any CPU.ActiveCfg = Release|Any CPU
		{A5C6BA35-1E41-429F-A32A-E0753D39AF9C}.Release|Any CPU.Build.0 = Release|Any CPU
		{A5C6BA35-1E41-429F-A32A-E0753D39AF9C}.Release|iPhone.ActiveCfg = Release|Any CPU
		{A5C6BA35-1E41-429F-A32A-E0753D39AF9C}.Release|iPhoneSimulator.ActiveCfg = Release|Any CPU
		{A5C6BA35-1E41-429F-A32A-E0753D39AF9C}.Release|Mixed Platforms.ActiveCfg = Release|Any CPU
		{A5C6BA35-1E41-429F-A32A-E0753D39AF9C}.Release|Mixed Platforms.Build.0 = Release|Any CPU
		{BBAF7A0D-142D-4E59-8DA5-F86907A9E7E7}.Ad-Hoc|Any CPU.ActiveCfg = Release|Any CPU
		{BBAF7A0D-142D-4E59-8DA5-F86907A9E7E7}.Ad-Hoc|Any CPU.Build.0 = Release|Any CPU
		{BBAF7A0D-142D-4E59-8DA5-F86907A9E7E7}.Ad-Hoc|iPhone.ActiveCfg = Release|Any CPU
		{BBAF7A0D-142D-4E59-8DA5-F86907A9E7E7}.Ad-Hoc|iPhoneSimulator.ActiveCfg = Release|Any CPU
		{BBAF7A0D-142D-4E59-8DA5-F86907A9E7E7}.Ad-Hoc|Mixed Platforms.ActiveCfg = Release|Any CPU
		{BBAF7A0D-142D-4E59-8DA5-F86907A9E7E7}.Ad-Hoc|Mixed Platforms.Build.0 = Release|Any CPU
		{BBAF7A0D-142D-4E59-8DA5-F86907A9E7E7}.AppStore|Any CPU.ActiveCfg = Release|Any CPU
		{BBAF7A0D-142D-4E59-8DA5-F86907A9E7E7}.AppStore|Any CPU.Build.0 = Release|Any CPU
		{BBAF7A0D-142D-4E59-8DA5-F86907A9E7E7}.AppStore|iPhone.ActiveCfg = Release|Any CPU
		{BBAF7A0D-142D-4E59-8DA5-F86907A9E7E7}.AppStore|iPhoneSimulator.ActiveCfg = Release|Any CPU
		{BBAF7A0D-142D-4E59-8DA5-F86907A9E7E7}.AppStore|Mixed Platforms.ActiveCfg = Release|Any CPU
		{BBAF7A0D-142D-4E59-8DA5-F86907A9E7E7}.AppStore|Mixed Platforms.Build.0 = Release|Any CPU
		{BBAF7A0D-142D-4E59-8DA5-F86907A9E7E7}.Debug|Any CPU.ActiveCfg = Debug|Any CPU
		{BBAF7A0D-142D-4E59-8DA5-F86907A9E7E7}.Debug|Any CPU.Build.0 = Debug|Any CPU
		{BBAF7A0D-142D-4E59-8DA5-F86907A9E7E7}.Debug|iPhone.ActiveCfg = Debug|Any CPU
		{BBAF7A0D-142D-4E59-8DA5-F86907A9E7E7}.Debug|iPhoneSimulator.ActiveCfg = Debug|Any CPU
		{BBAF7A0D-142D-4E59-8DA5-F86907A9E7E7}.Debug|Mixed Platforms.ActiveCfg = Debug|Any CPU
		{BBAF7A0D-142D-4E59-8DA5-F86907A9E7E7}.Debug|Mixed Platforms.Build.0 = Debug|Any CPU
		{BBAF7A0D-142D-4E59-8DA5-F86907A9E7E7}.Release|Any CPU.ActiveCfg = Release|Any CPU
		{BBAF7A0D-142D-4E59-8DA5-F86907A9E7E7}.Release|Any CPU.Build.0 = Release|Any CPU
		{BBAF7A0D-142D-4E59-8DA5-F86907A9E7E7}.Release|iPhone.ActiveCfg = Release|Any CPU
		{BBAF7A0D-142D-4E59-8DA5-F86907A9E7E7}.Release|iPhoneSimulator.ActiveCfg = Release|Any CPU
		{BBAF7A0D-142D-4E59-8DA5-F86907A9E7E7}.Release|Mixed Platforms.ActiveCfg = Release|Any CPU
		{BBAF7A0D-142D-4E59-8DA5-F86907A9E7E7}.Release|Mixed Platforms.Build.0 = Release|Any CPU
	EndGlobalSection
	GlobalSection(SolutionProperties) = preSolution
		HideSolutionNode = FALSE
	EndGlobalSection
	GlobalSection(NestedProjects) = preSolution
		{D72D8504-40C4-4DEA-90DE-B7AF1A688525} = {E61FB46A-B8A3-4AF0-A65E-E9FF6508AD8B}
		{A1A7DA2C-8970-4A8A-8D50-B0BBB5F5B04C} = {F2F3D5A3-5C1A-4284-B97A-37DDF34B5978}
		{B3F00DEE-0C8A-4FEE-A9CC-6088FC5C5E7E} = {F2F3D5A3-5C1A-4284-B97A-37DDF34B5978}
		{4A9243DC-E747-4118-87A4-921215216175} = {854A251E-69B5-46DF-B713-BB0524E9D90F}
		{A5C6BA35-1E41-429F-A32A-E0753D39AF9C} = {854A251E-69B5-46DF-B713-BB0524E9D90F}
		{BBAF7A0D-142D-4E59-8DA5-F86907A9E7E7} = {2032EA3B-F637-4625-AC56-30D3734FD314}
	EndGlobalSection
	GlobalSection(MonoDevelopProperties) = preSolution
		StartupItem = samples\Pinterest.App.XamarinAndroid\Pinterest.App.XamarinAndroid.csproj
	EndGlobalSection
EndGlobal
