
Microsoft Visual Studio Solution File, Format Version 11.00
# Visual Studio 2010
Project("{FAE04EC0-301F-11D3-BF4B-00C04F79EFBC}") = "Pinterest.SDK.BindingLibrary.XamarinAndroid", "Pinterest.SDK.BindingLibrary.XamarinAndroid.csproj", "{4A9243DC-E747-4118-87A4-921215216175}"
EndProject
Global
	GlobalSection(SolutionConfigurationPlatforms) = preSolution
		Debug|Any CPU = Debug|Any CPU
		Release|Any CPU = Release|Any CPU
	EndGlobalSection
	GlobalSection(ProjectConfigurationPlatforms) = postSolution
		{4A9243DC-E747-4118-87A4-921215216175}.Debug|Any CPU.ActiveCfg = Debug|Any CPU
		{4A9243DC-E747-4118-87A4-921215216175}.Debug|Any CPU.Build.0 = Debug|Any CPU
		{4A9243DC-E747-4118-87A4-921215216175}.Release|Any CPU.ActiveCfg = Release|Any CPU
		{4A9243DC-E747-4118-87A4-921215216175}.Release|Any CPU.Build.0 = Release|Any CPU
	EndGlobalSection
	GlobalSection(MonoDevelopProperties) = preSolution
		StartupItem = Pinterest.SDK.BindingLibrary.XamarinAndroid.csproj
	EndGlobalSection
EndGlobal
