
Microsoft Visual Studio Solution File, Format Version 12.00
# Visual Studio 2012
Project("{2150E333-8FDC-42A3-9474-1A3956D46DE8}") = "bindings", "bindings", "{81242F35-4DA5-4487-8EA5-98CD7C1CC919}"
EndProject
Project("{FAE04EC0-301F-11D3-BF4B-00C04F79EFBC}") = "Pinterest.XamarinAndroid", "..\..\bindings\Pinterest.XamarinAndroid\Pinterest.XamarinAndroid.csproj", "{4A9243DC-E747-4118-87A4-921215216175}"
EndProject
Project("{FAE04EC0-301F-11D3-BF4B-00C04F79EFBC}") = "Pinterest.App.XamarinAndroid.ComponentStore", "Pinterest.App.XamarinAndroid.ComponentStore.csproj", "{A1A7DA2C-8970-4A8A-8D50-B0BBB5F5B04C}"
EndProject
Global
	GlobalSection(SolutionConfigurationPlatforms) = preSolution
		Debug|Any CPU = Debug|Any CPU
		Release|Any CPU = Release|Any CPU
	EndGlobalSection
	GlobalSection(ProjectConfigurationPlatforms) = postSolution
		{4A9243DC-E747-4118-87A4-921215216175}.Debug|Any CPU.ActiveCfg = Debug|Any CPU
		{4A9243DC-E747-4118-87A4-921215216175}.Debug|Any CPU.Build.0 = Debug|Any CPU
		{4A9243DC-E747-4118-87A4-921215216175}.Release|Any CPU.ActiveCfg = Release|Any CPU
		{4A9243DC-E747-4118-87A4-921215216175}.Release|Any CPU.Build.0 = Release|Any CPU
		{A1A7DA2C-8970-4A8A-8D50-B0BBB5F5B04C}.Debug|Any CPU.ActiveCfg = Debug|Any CPU
		{A1A7DA2C-8970-4A8A-8D50-B0BBB5F5B04C}.Debug|Any CPU.Build.0 = Debug|Any CPU
		{A1A7DA2C-8970-4A8A-8D50-B0BBB5F5B04C}.Debug|Any CPU.Deploy.0 = Debug|Any CPU
		{A1A7DA2C-8970-4A8A-8D50-B0BBB5F5B04C}.Release|Any CPU.ActiveCfg = Release|Any CPU
		{A1A7DA2C-8970-4A8A-8D50-B0BBB5F5B04C}.Release|Any CPU.Build.0 = Release|Any CPU
		{A1A7DA2C-8970-4A8A-8D50-B0BBB5F5B04C}.Release|Any CPU.Deploy.0 = Release|Any CPU
	EndGlobalSection
	GlobalSection(SolutionProperties) = preSolution
		HideSolutionNode = FALSE
	EndGlobalSection
	GlobalSection(NestedProjects) = preSolution
		{4A9243DC-E747-4118-87A4-921215216175} = {81242F35-4DA5-4487-8EA5-98CD7C1CC919}
	EndGlobalSection
	GlobalSection(MonoDevelopProperties) = preSolution
		StartupItem = Pinterest.App.XamarinAndroid.csproj
	EndGlobalSection
EndGlobal
